// !$*UTF8*$!
{
	archiveVersion = 1;
	classes = {
	};
	objectVersion = 46;
	objects = {

/* Begin PBXBuildFile section */
		910429A41F21597300A48409 /* AudioGrains_Favicon.png in Resources */ = {isa = PBXBuildFile; fileRef = 910429A31F21597300A48409 /* AudioGrains_Favicon.png */; };
		910429A81F215BF100A48409 /* audiograins-logo1@2x.png in Resources */ = {isa = PBXBuildFile; fileRef = 910429A71F215BF100A48409 /* audiograins-logo1@2x.png */; };
		912DD15A1EB2502D001E547D /* processer.swift in Sources */ = {isa = PBXBuildFile; fileRef = 912DD1591EB2502D001E547D /* processer.swift */; };
		914D44951E1D6F6100D3B81A /* Sitting.wav in Resources */ = {isa = PBXBuildFile; fileRef = 914D44941E1D6F6100D3B81A /* Sitting.wav */; };
		917810E31EA580A600092E8D /* ir_1_C_1.wav in Resources */ = {isa = PBXBuildFile; fileRef = 917810E21EA580A600092E8D /* ir_1_C_1.wav */; };
		917810E51EA580A900092E8D /* IR.wav in Resources */ = {isa = PBXBuildFile; fileRef = 917810E41EA580A900092E8D /* IR.wav */; };
		91CDC42E1E9E8D0800484153 /* AudioKit.framework in Frameworks */ = {isa = PBXBuildFile; fileRef = 91CDC4261E9E8C8800484153 /* AudioKit.framework */; };
		91CDC42F1E9E8D0800484153 /* AudioKit.framework in Embed Frameworks */ = {isa = PBXBuildFile; fileRef = 91CDC4261E9E8C8800484153 /* AudioKit.framework */; settings = {ATTRIBUTES = (CodeSignOnCopy, RemoveHeadersOnCopy, ); }; };
		91E1B7821EA7E6BD0037103C /* grange.wav in Resources */ = {isa = PBXBuildFile; fileRef = 91E1B7811EA7E6BD0037103C /* grange.wav */; };
		91E2D7641E1C74E3002CC300 /* AppDelegate.swift in Sources */ = {isa = PBXBuildFile; fileRef = 91E2D7631E1C74E3002CC300 /* AppDelegate.swift */; };
		91E2D7661E1C74E3002CC300 /* ViewController.swift in Sources */ = {isa = PBXBuildFile; fileRef = 91E2D7651E1C74E3002CC300 /* ViewController.swift */; };
		91E2D7691E1C74E3002CC300 /* Main.storyboard in Resources */ = {isa = PBXBuildFile; fileRef = 91E2D7671E1C74E3002CC300 /* Main.storyboard */; };
		91E2D76B1E1C74E3002CC300 /* Assets.xcassets in Resources */ = {isa = PBXBuildFile; fileRef = 91E2D76A1E1C74E3002CC300 /* Assets.xcassets */; };
		91E2D76E1E1C74E3002CC300 /* LaunchScreen.storyboard in Resources */ = {isa = PBXBuildFile; fileRef = 91E2D76C1E1C74E3002CC300 /* LaunchScreen.storyboard */; };
/* End PBXBuildFile section */

/* Begin PBXContainerItemProxy section */
		91CDC4251E9E8C8800484153 /* PBXContainerItemProxy */ = {
			isa = PBXContainerItemProxy;
			containerPortal = 91CDC4211E9E8C8800484153 /* AudioKit For iOS.xcodeproj */;
			proxyType = 2;
			remoteGlobalIDString = C42F35001C057E03000E937C;
			remoteInfo = AudioKit;
		};
		91CDC42C1E9E8CD500484153 /* PBXContainerItemProxy */ = {
			isa = PBXContainerItemProxy;
			containerPortal = 91CDC4211E9E8C8800484153 /* AudioKit For iOS.xcodeproj */;
			proxyType = 1;
			remoteGlobalIDString = C42F34FF1C057E03000E937C;
			remoteInfo = AudioKit;
		};
		91CDC4301E9E8D0800484153 /* PBXContainerItemProxy */ = {
			isa = PBXContainerItemProxy;
			containerPortal = 91CDC4211E9E8C8800484153 /* AudioKit For iOS.xcodeproj */;
			proxyType = 1;
			remoteGlobalIDString = C42F34FF1C057E03000E937C;
			remoteInfo = AudioKit;
		};
/* End PBXContainerItemProxy section */

/* Begin PBXCopyFilesBuildPhase section */
		91CDC4321E9E8D0800484153 /* Embed Frameworks */ = {
			isa = PBXCopyFilesBuildPhase;
			buildActionMask = 2147483647;
			dstPath = "";
			dstSubfolderSpec = 10;
			files = (
				91CDC42F1E9E8D0800484153 /* AudioKit.framework in Embed Frameworks */,
			);
			name = "Embed Frameworks";
			runOnlyForDeploymentPostprocessing = 0;
		};
/* End PBXCopyFilesBuildPhase section */

/* Begin PBXFileReference section */
		910429A31F21597300A48409 /* AudioGrains_Favicon.png */ = {isa = PBXFileReference; lastKnownFileType = image.png; name = AudioGrains_Favicon.png; path = ../../../../AudioGrains_Favicon.png; sourceTree = "<group>"; };
		910429A71F215BF100A48409 /* audiograins-logo1@2x.png */ = {isa = PBXFileReference; lastKnownFileType = image.png; name = "audiograins-logo1@2x.png"; path = "../../../../audiograins-logo1@2x.png"; sourceTree = "<group>"; };
		912DD1591EB2502D001E547D /* processer.swift */ = {isa = PBXFileReference; fileEncoding = 4; lastKnownFileType = sourcecode.swift; path = processer.swift; sourceTree = "<group>"; };
		914D44941E1D6F6100D3B81A /* Sitting.wav */ = {isa = PBXFileReference; lastKnownFileType = audio.wav; path = Sitting.wav; sourceTree = "<group>"; };
		917810E21EA580A600092E8D /* ir_1_C_1.wav */ = {isa = PBXFileReference; lastKnownFileType = audio.wav; path = ir_1_C_1.wav; sourceTree = "<group>"; };
		917810E41EA580A900092E8D /* IR.wav */ = {isa = PBXFileReference; lastKnownFileType = audio.wav; path = IR.wav; sourceTree = "<group>"; };
		91CDC4211E9E8C8800484153 /* AudioKit For iOS.xcodeproj */ = {isa = PBXFileReference; lastKnownFileType = "wrapper.pb-project"; name = "AudioKit For iOS.xcodeproj"; path = "AudioKit/iOS/AudioKit For iOS.xcodeproj"; sourceTree = "<group>"; };
		91E1B7811EA7E6BD0037103C /* grange.wav */ = {isa = PBXFileReference; lastKnownFileType = audio.wav; path = grange.wav; sourceTree = "<group>"; };
		91E2D7601E1C74E2002CC300 /* IASIAR.app */ = {isa = PBXFileReference; explicitFileType = wrapper.application; includeInIndex = 0; path = IASIAR.app; sourceTree = BUILT_PRODUCTS_DIR; };
		91E2D7631E1C74E3002CC300 /* AppDelegate.swift */ = {isa = PBXFileReference; lastKnownFileType = sourcecode.swift; path = AppDelegate.swift; sourceTree = "<group>"; };
		91E2D7651E1C74E3002CC300 /* ViewController.swift */ = {isa = PBXFileReference; lastKnownFileType = sourcecode.swift; path = ViewController.swift; sourceTree = "<group>"; };
		91E2D7681E1C74E3002CC300 /* Base */ = {isa = PBXFileReference; lastKnownFileType = file.storyboard; name = Base; path = Base.lproj/Main.storyboard; sourceTree = "<group>"; };
		91E2D76A1E1C74E3002CC300 /* Assets.xcassets */ = {isa = PBXFileReference; lastKnownFileType = folder.assetcatalog; path = Assets.xcassets; sourceTree = "<group>"; };
		91E2D76D1E1C74E3002CC300 /* Base */ = {isa = PBXFileReference; lastKnownFileType = file.storyboard; name = Base; path = Base.lproj/LaunchScreen.storyboard; sourceTree = "<group>"; };
		91E2D76F1E1C74E3002CC300 /* Info.plist */ = {isa = PBXFileReference; lastKnownFileType = text.plist.xml; path = Info.plist; sourceTree = "<group>"; };
/* End PBXFileReference section */

/* Begin PBXFrameworksBuildPhase section */
		91E2D75D1E1C74E2002CC300 /* Frameworks */ = {
			isa = PBXFrameworksBuildPhase;
			buildActionMask = 2147483647;
			files = (
				91CDC42E1E9E8D0800484153 /* AudioKit.framework in Frameworks */,
			);
			runOnlyForDeploymentPostprocessing = 0;
		};
/* End PBXFrameworksBuildPhase section */

/* Begin PBXGroup section */
		91CDC4221E9E8C8800484153 /* Products */ = {
			isa = PBXGroup;
			children = (
				91CDC4261E9E8C8800484153 /* AudioKit.framework */,
			);
			name = Products;
			sourceTree = "<group>";
		};
		91E2D7571E1C74E2002CC300 = {
			isa = PBXGroup;
			children = (
				91CDC4211E9E8C8800484153 /* AudioKit For iOS.xcodeproj */,
				91E2D7621E1C74E2002CC300 /* IASIAR */,
				91E2D7611E1C74E2002CC300 /* Products */,
			);
			sourceTree = "<group>";
		};
		91E2D7611E1C74E2002CC300 /* Products */ = {
			isa = PBXGroup;
			children = (
				91E2D7601E1C74E2002CC300 /* IASIAR.app */,
			);
			name = Products;
			sourceTree = "<group>";
		};
		91E2D7621E1C74E2002CC300 /* IASIAR */ = {
			isa = PBXGroup;
			children = (
				910429A71F215BF100A48409 /* audiograins-logo1@2x.png */,
				910429A31F21597300A48409 /* AudioGrains_Favicon.png */,
				91E1B7811EA7E6BD0037103C /* grange.wav */,
				914D44941E1D6F6100D3B81A /* Sitting.wav */,
				917810E41EA580A900092E8D /* IR.wav */,
				917810E21EA580A600092E8D /* ir_1_C_1.wav */,
				91E2D7631E1C74E3002CC300 /* AppDelegate.swift */,
				91E2D7651E1C74E3002CC300 /* ViewController.swift */,
				912DD1591EB2502D001E547D /* processer.swift */,
				91E2D7671E1C74E3002CC300 /* Main.storyboard */,
				91E2D76A1E1C74E3002CC300 /* Assets.xcassets */,
				91E2D76C1E1C74E3002CC300 /* LaunchScreen.storyboard */,
				91E2D76F1E1C74E3002CC300 /* Info.plist */,
			);
			path = IASIAR;
			sourceTree = "<group>";
		};
/* End PBXGroup section */

/* Begin PBXNativeTarget section */
		91E2D75F1E1C74E2002CC300 /* IASIAR */ = {
			isa = PBXNativeTarget;
			buildConfigurationList = 91E2D7721E1C74E3002CC300 /* Build configuration list for PBXNativeTarget "IASIAR" */;
			buildPhases = (
				91E2D75C1E1C74E2002CC300 /* Sources */,
				91E2D75D1E1C74E2002CC300 /* Frameworks */,
				91E2D75E1E1C74E2002CC300 /* Resources */,
				91CDC4321E9E8D0800484153 /* Embed Frameworks */,
			);
			buildRules = (
			);
			dependencies = (
				91CDC42D1E9E8CD500484153 /* PBXTargetDependency */,
				91CDC4311E9E8D0800484153 /* PBXTargetDependency */,
			);
			name = IASIAR;
			productName = IASIAR;
			productReference = 91E2D7601E1C74E2002CC300 /* IASIAR.app */;
			productType = "com.apple.product-type.application";
		};
/* End PBXNativeTarget section */

/* Begin PBXProject section */
		91E2D7581E1C74E2002CC300 /* Project object */ = {
			isa = PBXProject;
			attributes = {
				LastSwiftUpdateCheck = 0810;
				LastUpgradeCheck = 0820;
				ORGANIZATIONNAME = "Gallagher, Matthew";
				TargetAttributes = {
					91E2D75F1E1C74E2002CC300 = {
						CreatedOnToolsVersion = 8.1;
						DevelopmentTeam = 3243BFRANK;
						LastSwiftMigration = 0820;
						ProvisioningStyle = Automatic;
					};
				};
			};
			buildConfigurationList = 91E2D75B1E1C74E2002CC300 /* Build configuration list for PBXProject "IASIAR" */;
			compatibilityVersion = "Xcode 3.2";
			developmentRegion = English;
			hasScannedForEncodings = 0;
			knownRegions = (
				en,
				Base,
			);
			mainGroup = 91E2D7571E1C74E2002CC300;
			productRefGroup = 91E2D7611E1C74E2002CC300 /* Products */;
			projectDirPath = "";
			projectReferences = (
				{
					ProductGroup = 91CDC4221E9E8C8800484153 /* Products */;
					ProjectRef = 91CDC4211E9E8C8800484153 /* AudioKit For iOS.xcodeproj */;
				},
			);
			projectRoot = "";
			targets = (
				91E2D75F1E1C74E2002CC300 /* IASIAR */,
			);
		};
/* End PBXProject section */

/* Begin PBXReferenceProxy section */
		91CDC4261E9E8C8800484153 /* AudioKit.framework */ = {
			isa = PBXReferenceProxy;
			fileType = wrapper.framework;
			path = AudioKit.framework;
			remoteRef = 91CDC4251E9E8C8800484153 /* PBXContainerItemProxy */;
			sourceTree = BUILT_PRODUCTS_DIR;
		};
/* End PBXReferenceProxy section */

/* Begin PBXResourcesBuildPhase section */
		91E2D75E1E1C74E2002CC300 /* Resources */ = {
			isa = PBXResourcesBuildPhase;
			buildActionMask = 2147483647;
			files = (
				91E1B7821EA7E6BD0037103C /* grange.wav in Resources */,
				91E2D76E1E1C74E3002CC300 /* LaunchScreen.storyboard in Resources */,
				914D44951E1D6F6100D3B81A /* Sitting.wav in Resources */,
				91E2D76B1E1C74E3002CC300 /* Assets.xcassets in Resources */,
				91E2D7691E1C74E3002CC300 /* Main.storyboard in Resources */,
				910429A41F21597300A48409 /* AudioGrains_Favicon.png in Resources */,
				910429A81F215BF100A48409 /* audiograins-logo1@2x.png in Resources */,
				917810E31EA580A600092E8D /* ir_1_C_1.wav in Resources */,
				917810E51EA580A900092E8D /* IR.wav in Resources */,
			);
			runOnlyForDeploymentPostprocessing = 0;
		};
/* End PBXResourcesBuildPhase section */

/* Begin PBXSourcesBuildPhase section */
		91E2D75C1E1C74E2002CC300 /* Sources */ = {
			isa = PBXSourcesBuildPhase;
			buildActionMask = 2147483647;
			files = (
				912DD15A1EB2502D001E547D /* processer.swift in Sources */,
				91E2D7661E1C74E3002CC300 /* ViewController.swift in Sources */,
				91E2D7641E1C74E3002CC300 /* AppDelegate.swift in Sources */,
			);
			runOnlyForDeploymentPostprocessing = 0;
		};
/* End PBXSourcesBuildPhase section */

/* Begin PBXTargetDependency section */
		91CDC42D1E9E8CD500484153 /* PBXTargetDependency */ = {
			isa = PBXTargetDependency;
			name = AudioKit;
			targetProxy = 91CDC42C1E9E8CD500484153 /* PBXContainerItemProxy */;
		};
		91CDC4311E9E8D0800484153 /* PBXTargetDependency */ = {
			isa = PBXTargetDependency;
			name = AudioKit;
			targetProxy = 91CDC4301E9E8D0800484153 /* PBXContainerItemProxy */;
		};
/* End PBXTargetDependency section */

/* Begin PBXVariantGroup section */
		91E2D7671E1C74E3002CC300 /* Main.storyboard */ = {
			isa = PBXVariantGroup;
			children = (
				91E2D7681E1C74E3002CC300 /* Base */,
			);
			name = Main.storyboard;
			sourceTree = "<group>";
		};
		91E2D76C1E1C74E3002CC300 /* LaunchScreen.storyboard */ = {
			isa = PBXVariantGroup;
			children = (
				91E2D76D1E1C74E3002CC300 /* Base */,
			);
			name = LaunchScreen.storyboard;
			sourceTree = "<group>";
		};
/* End PBXVariantGroup section */

/* Begin XCBuildConfiguration section */
		91E2D7701E1C74E3002CC300 /* Debug */ = {
			isa = XCBuildConfiguration;
			buildSettings = {
				ALWAYS_SEARCH_USER_PATHS = NO;
				CLANG_ANALYZER_NONNULL = YES;
				CLANG_CXX_LANGUAGE_STANDARD = "gnu++0x";
				CLANG_CXX_LIBRARY = "libc++";
				CLANG_ENABLE_MODULES = YES;
				CLANG_ENABLE_OBJC_ARC = YES;
				CLANG_WARN_BOOL_CONVERSION = YES;
				CLANG_WARN_CONSTANT_CONVERSION = YES;
				CLANG_WARN_DIRECT_OBJC_ISA_USAGE = YES_ERROR;
				CLANG_WARN_DOCUMENTATION_COMMENTS = YES;
				CLANG_WARN_EMPTY_BODY = YES;
				CLANG_WARN_ENUM_CONVERSION = YES;
				CLANG_WARN_INFINITE_RECURSION = YES;
				CLANG_WARN_INT_CONVERSION = YES;
				CLANG_WARN_OBJC_ROOT_CLASS = YES_ERROR;
				CLANG_WARN_SUSPICIOUS_MOVE = YES;
				CLANG_WARN_SUSPICIOUS_MOVES = YES;
				CLANG_WARN_UNREACHABLE_CODE = YES;
				CLANG_WARN__DUPLICATE_METHOD_MATCH = YES;
				"CODE_SIGN_IDENTITY[sdk=iphoneos*]" = "iPhone Developer";
				COPY_PHASE_STRIP = NO;
				DEBUG_INFORMATION_FORMAT = dwarf;
				ENABLE_STRICT_OBJC_MSGSEND = YES;
				ENABLE_TESTABILITY = YES;
				GCC_C_LANGUAGE_STANDARD = gnu99;
				GCC_DYNAMIC_NO_PIC = NO;
				GCC_NO_COMMON_BLOCKS = YES;
				GCC_OPTIMIZATION_LEVEL = 0;
				GCC_PREPROCESSOR_DEFINITIONS = (
					"DEBUG=1",
					"$(inherited)",
				);
				GCC_WARN_64_TO_32_BIT_CONVERSION = YES;
				GCC_WARN_ABOUT_RETURN_TYPE = YES_ERROR;
				GCC_WARN_UNDECLARED_SELECTOR = YES;
				GCC_WARN_UNINITIALIZED_AUTOS = YES_AGGRESSIVE;
				GCC_WARN_UNUSED_FUNCTION = YES;
				GCC_WARN_UNUSED_VARIABLE = YES;
				IPHONEOS_DEPLOYMENT_TARGET = 10.1;
				MTL_ENABLE_DEBUG_INFO = YES;
				ONLY_ACTIVE_ARCH = YES;
				SDKROOT = iphoneos;
				SWIFT_ACTIVE_COMPILATION_CONDITIONS = DEBUG;
				SWIFT_OPTIMIZATION_LEVEL = "-Onone";
			};
			name = Debug;
		};
		91E2D7711E1C74E3002CC300 /* Release */ = {
			isa = XCBuildConfiguration;
			buildSettings = {
				ALWAYS_SEARCH_USER_PATHS = NO;
				CLANG_ANALYZER_NONNULL = YES;
				CLANG_CXX_LANGUAGE_STANDARD = "gnu++0x";
				CLANG_CXX_LIBRARY = "libc++";
				CLANG_ENABLE_MODULES = YES;
				CLANG_ENABLE_OBJC_ARC = YES;
				CLANG_WARN_BOOL_CONVERSION = YES;
				CLANG_WARN_CONSTANT_CONVERSION = YES;
				CLANG_WARN_DIRECT_OBJC_ISA_USAGE = YES_ERROR;
				CLANG_WARN_DOCUMENTATION_COMMENTS = YES;
				CLANG_WARN_EMPTY_BODY = YES;
				CLANG_WARN_ENUM_CONVERSION = YES;
				CLANG_WARN_INFINITE_RECURSION = YES;
				CLANG_WARN_INT_CONVERSION = YES;
				CLANG_WARN_OBJC_ROOT_CLASS = YES_ERROR;
				CLANG_WARN_SUSPICIOUS_MOVE = YES;
				CLANG_WARN_SUSPICIOUS_MOVES = YES;
				CLANG_WARN_UNREACHABLE_CODE = YES;
				CLANG_WARN__DUPLICATE_METHOD_MATCH = YES;
				"CODE_SIGN_IDENTITY[sdk=iphoneos*]" = "iPhone Developer";
				COPY_PHASE_STRIP = NO;
				DEBUG_INFORMATION_FORMAT = "dwarf-with-dsym";
				ENABLE_NS_ASSERTIONS = NO;
				ENABLE_STRICT_OBJC_MSGSEND = YES;
				GCC_C_LANGUAGE_STANDARD = gnu99;
				GCC_NO_COMMON_BLOCKS = YES;
				GCC_WARN_64_TO_32_BIT_CONVERSION = YES;
				GCC_WARN_ABOUT_RETURN_TYPE = YES_ERROR;
				GCC_WARN_UNDECLARED_SELECTOR = YES;
				GCC_WARN_UNINITIALIZED_AUTOS = YES_AGGRESSIVE;
				GCC_WARN_UNUSED_FUNCTION = YES;
				GCC_WARN_UNUSED_VARIABLE = YES;
				IPHONEOS_DEPLOYMENT_TARGET = 10.1;
				MTL_ENABLE_DEBUG_INFO = NO;
				SDKROOT = iphoneos;
				SWIFT_OPTIMIZATION_LEVEL = "-Owholemodule";
				VALIDATE_PRODUCT = YES;
			};
			name = Release;
		};
		91E2D7731E1C74E3002CC300 /* Debug */ = {
			isa = XCBuildConfiguration;
			buildSettings = {
				ALWAYS_EMBED_SWIFT_STANDARD_LIBRARIES = YES;
				ASSETCATALOG_COMPILER_APPICON_NAME = AppIcon;
				DEVELOPMENT_TEAM = 3243BFRANK;
				ENABLE_BITCODE = YES;
				FRAMEWORK_SEARCH_PATHS = (
					"$(inherited)",
					"$(PROJECT_DIR)",
				);
				INFOPLIST_FILE = IASIAR/Info.plist;
				IPHONEOS_DEPLOYMENT_TARGET = 10.1;
				LD_RUNPATH_SEARCH_PATHS = "$(inherited) @executable_path/Frameworks";
				PRODUCT_BUNDLE_IDENTIFIER = mattbgallagher.com.IASIAR;
				PRODUCT_NAME = "$(TARGET_NAME)";
				SWIFT_VERSION = 3.0;
			};
			name = Debug;
		};
		91E2D7741E1C74E3002CC300 /* Release */ = {
			isa = XCBuildConfiguration;
			buildSettings = {
				ALWAYS_EMBED_SWIFT_STANDARD_LIBRARIES = YES;
				ASSETCATALOG_COMPILER_APPICON_NAME = AppIcon;
				DEVELOPMENT_TEAM = 3243BFRANK;
				ENABLE_BITCODE = YES;
				FRAMEWORK_SEARCH_PATHS = (
					"$(inherited)",
					"$(PROJECT_DIR)",
				);
				INFOPLIST_FILE = IASIAR/Info.plist;
				IPHONEOS_DEPLOYMENT_TARGET = 10.1;
				LD_RUNPATH_SEARCH_PATHS = "$(inherited) @executable_path/Frameworks";
				PRODUCT_BUNDLE_IDENTIFIER = mattbgallagher.com.IASIAR;
				PRODUCT_NAME = "$(TARGET_NAME)";
				SWIFT_VERSION = 3.0;
			};
			name = Release;
		};
/* End XCBuildConfiguration section */

/* Begin XCConfigurationList section */
		91E2D75B1E1C74E2002CC300 /* Build configuration list for PBXProject "IASIAR" */ = {
			isa = XCConfigurationList;
			buildConfigurations = (
				91E2D7701E1C74E3002CC300 /* Debug */,
				91E2D7711E1C74E3002CC300 /* Release */,
			);
			defaultConfigurationIsVisible = 0;
			defaultConfigurationName = Release;
		};
		91E2D7721E1C74E3002CC300 /* Build configuration list for PBXNativeTarget "IASIAR" */ = {
			isa = XCConfigurationList;
			buildConfigurations = (
				91E2D7731E1C74E3002CC300 /* Debug */,
				91E2D7741E1C74E3002CC300 /* Release */,
			);
			defaultConfigurationIsVisible = 0;
			defaultConfigurationName = Release;
		};
/* End XCConfigurationList section */
	};
	rootObject = 91E2D7581E1C74E2002CC300 /* Project object */;
}
